
Microsoft Visual Studio Solution File, Format Version 12.00
# Visual Studio Version 17
VisualStudioVersion = 17.4.33103.184
MinimumVisualStudioVersion = 10.0.40219.1
Project("{FAE04EC0-301F-11D3-BF4B-00C04F79EFBC}") = "FRCStats", "FRCStats\FRCStats.csproj", "{263230F0-6151-4258-923D-D2B1272CC356}"
EndProject
Global
	GlobalSection(SolutionConfigurationPlatforms) = preSolution
		Debug|Any CPU = Debug|Any CPU
		Release|Any CPU = Release|Any CPU
	EndGlobalSection
	GlobalSection(ProjectConfigurationPlatforms) = postSolution
		{263230F0-6151-4258-923D-D2B1272CC356}.Debug|Any CPU.ActiveCfg = Debug|Any CPU
		{263230F0-6151-4258-923D-D2B1272CC356}.Debug|Any CPU.Build.0 = Debug|Any CPU
		{263230F0-6151-4258-923D-D2B1272CC356}.Release|Any CPU.ActiveCfg = Release|Any CPU
		{263230F0-6151-4258-923D-D2B1272CC356}.Release|Any CPU.Build.0 = Release|Any CPU
	EndGlobalSection
	GlobalSection(SolutionProperties) = preSolution
		HideSolutionNode = FALSE
	EndGlobalSection
	GlobalSection(ExtensibilityGlobals) = postSolution
		SolutionGuid = {8AD20C54-2864-4B54-9FFF-15ED41DC87E3}
	EndGlobalSection
EndGlobal
